PODS:
  - AnimatedCardInput (0.1.0)

DEPENDENCIES:
  - AnimatedCardInput (from `../`)

EXTERNAL SOURCES:
  AnimatedCardInput:
    :path: "../"

SPEC CHECKSUMS:
  AnimatedCardInput: 7690e211754c9933c0bbf783f6a68688210560de

PODFILE CHECKSUM: 8975e7ac366a4532f3ec06628a45c9b29bb59d6f

COCOAPODS: 1.9.0
